
Microsoft Visual Studio Solution File, Format Version 12.00
# Visual Studio Version 17
VisualStudioVersion = 17.4.33110.190
MinimumVisualStudioVersion = 10.0.40219.1
Project("{F184B08F-C81C-45F6-A57F-5ABD9991F28F}") = "ContactTracing", "ContactTracing\ContactTracing.vbproj", "{AB75E1B2-6AFF-446F-9096-58705E37E9BB}"
EndProject
Global
	GlobalSection(SolutionConfigurationPlatforms) = preSolution
		Debug|Any CPU = Debug|Any CPU
		Release|Any CPU = Release|Any CPU
	EndGlobalSection
	GlobalSection(ProjectConfigurationPlatforms) = postSolution
		{AB75E1B2-6AFF-446F-9096-58705E37E9BB}.Debug|Any CPU.ActiveCfg = Debug|Any CPU
		{AB75E1B2-6AFF-446F-9096-58705E37E9BB}.Debug|Any CPU.Build.0 = Debug|Any CPU
		{AB75E1B2-6AFF-446F-9096-58705E37E9BB}.Release|Any CPU.ActiveCfg = Release|Any CPU
		{AB75E1B2-6AFF-446F-9096-58705E37E9BB}.Release|Any CPU.Build.0 = Release|Any CPU
	EndGlobalSection
	GlobalSection(SolutionProperties) = preSolution
		HideSolutionNode = FALSE
	EndGlobalSection
	GlobalSection(ExtensibilityGlobals) = postSolution
		SolutionGuid = {4C951305-4171-4AC5-9932-44AEC99B7D85}
	EndGlobalSection
EndGlobal
